
Microsoft Visual Studio Solution File, Format Version 12.00
# Visual Studio Version 17
VisualStudioVersion = 17.9.34902.65
MinimumVisualStudioVersion = 10.0.40219.1
Project("{FAE04EC0-301F-11D3-BF4B-00C04F79EFBC}") = "SnoopClone", "SnoopClone\SnoopClone.csproj", "{87237BB8-F6FA-4E98-AE03-F9E059CD4DFC}"
EndProject
Global
	GlobalSection(SolutionConfigurationPlatforms) = preSolution
		Debug|Any CPU = Debug|Any CPU
		Release|Any CPU = Release|Any CPU
	EndGlobalSection
	GlobalSection(ProjectConfigurationPlatforms) = postSolution
		{87237BB8-F6FA-4E98-AE03-F9E059CD4DFC}.Debug|Any CPU.ActiveCfg = Debug|Any CPU
		{87237BB8-F6FA-4E98-AE03-F9E059CD4DFC}.Debug|Any CPU.Build.0 = Debug|Any CPU
		{87237BB8-F6FA-4E98-AE03-F9E059CD4DFC}.Release|Any CPU.ActiveCfg = Release|Any CPU
		{87237BB8-F6FA-4E98-AE03-F9E059CD4DFC}.Release|Any CPU.Build.0 = Release|Any CPU
	EndGlobalSection
	GlobalSection(SolutionProperties) = preSolution
		HideSolutionNode = FALSE
	EndGlobalSection
	GlobalSection(ExtensibilityGlobals) = postSolution
		SolutionGuid = {EB6F2F82-911B-4C60-BA13-80FCEB329D47}
	EndGlobalSection
EndGlobal
